
Microsoft Visual Studio Solution File, Format Version 12.00
# Visual Studio Version 16
VisualStudioVersion = 16.0.31829.152
MinimumVisualStudioVersion = 10.0.40219.1
Project("{9A19103F-16F7-4668-BE54-9A1E7A4F7556}") = "GamingApp", "GamingApp\GamingApp.csproj", "{1B0B9989-4120-4FB4-8122-65D79F095878}"
EndProject
Global
	GlobalSection(SolutionConfigurationPlatforms) = preSolution
		Debug|Any CPU = Debug|Any CPU
		Release|Any CPU = Release|Any CPU
	EndGlobalSection
	GlobalSection(ProjectConfigurationPlatforms) = postSolution
		{1B0B9989-4120-4FB4-8122-65D79F095878}.Debug|Any CPU.ActiveCfg = Debug|Any CPU
		{1B0B9989-4120-4FB4-8122-65D79F095878}.Debug|Any CPU.Build.0 = Debug|Any CPU
		{1B0B9989-4120-4FB4-8122-65D79F095878}.Release|Any CPU.ActiveCfg = Release|Any CPU
		{1B0B9989-4120-4FB4-8122-65D79F095878}.Release|Any CPU.Build.0 = Release|Any CPU
	EndGlobalSection
	GlobalSection(SolutionProperties) = preSolution
		HideSolutionNode = FALSE
	EndGlobalSection
	GlobalSection(ExtensibilityGlobals) = postSolution
		SolutionGuid = {5F182A04-3B48-4298-B0F3-2C2659275AE1}
	EndGlobalSection
	GlobalSection(TeamFoundationVersionControl) = preSolution
		SccNumberOfProjects = 2
		SccEnterpriseProvider = {4CA58AB2-18FA-4F8D-95D4-32DDF27D184C}
		SccTeamFoundationServer = https://dev.azure.com/cetukenmez
		SccLocalPath0 = .
		SccProjectUniqueName1 = GamingApp\\GamingApp.csproj
		SccProjectName1 = GamingApp
		SccLocalPath1 = GamingApp
	EndGlobalSection
EndGlobal
